# This file is automatically @generated by Cargo.
# It is not intended for manual editing.
version = 4

[[package]]
name = "perima"
version = "0.1.0"

[[package]]
name = "perima-core"
version = "0.1.0"

[[package]]
name = "perima-db"
version = "0.1.0"

[[package]]
name = "perima-fs"
version = "0.1.0"

[[package]]
name = "perima-hash"
version = "0.1.0"
